
Microsoft Visual Studio Solution File, Format Version 12.00
# Visual Studio Version 17
VisualStudioVersion = 17.11.35327.3
MinimumVisualStudioVersion = 10.0.40219.1
Project("{FAE04EC0-301F-11D3-BF4B-00C04F79EFBC}") = "Library_Management", "Library_Management\Library_Management.csproj", "{4AB69BA9-5E1F-4B84-91AD-2A397DFCF0D1}"
EndProject
Project("{FAE04EC0-301F-11D3-BF4B-00C04F79EFBC}") = "1_Library_Model", "1_Library_Model\1_Library_Model.csproj", "{B80B49CF-D748-44A3-919C-9ABA7067E675}"
EndProject
Project("{FAE04EC0-301F-11D3-BF4B-00C04F79EFBC}") = "2_Library_Interface", "2_Library_Interface\2_Library_Interface.csproj", "{82851B42-9B39-49AD-A479-6163D332FD62}"
EndProject
Project("{FAE04EC0-301F-11D3-BF4B-00C04F79EFBC}") = "3_Library_Repository", "3_Library_Repository\3_Library_Repository.csproj", "{43BE7ABA-34AB-4818-997C-4C5A8889CD1D}"
EndProject
Global
	GlobalSection(SolutionConfigurationPlatforms) = preSolution
		Debug|Any CPU = Debug|Any CPU
		Release|Any CPU = Release|Any CPU
	EndGlobalSection
	GlobalSection(ProjectConfigurationPlatforms) = postSolution
		{4AB69BA9-5E1F-4B84-91AD-2A397DFCF0D1}.Debug|Any CPU.ActiveCfg = Debug|Any CPU
		{4AB69BA9-5E1F-4B84-91AD-2A397DFCF0D1}.Debug|Any CPU.Build.0 = Debug|Any CPU
		{4AB69BA9-5E1F-4B84-91AD-2A397DFCF0D1}.Release|Any CPU.ActiveCfg = Release|Any CPU
		{4AB69BA9-5E1F-4B84-91AD-2A397DFCF0D1}.Release|Any CPU.Build.0 = Release|Any CPU
		{B80B49CF-D748-44A3-919C-9ABA7067E675}.Debug|Any CPU.ActiveCfg = Debug|Any CPU
		{B80B49CF-D748-44A3-919C-9ABA7067E675}.Debug|Any CPU.Build.0 = Debug|Any CPU
		{B80B49CF-D748-44A3-919C-9ABA7067E675}.Release|Any CPU.ActiveCfg = Release|Any CPU
		{B80B49CF-D748-44A3-919C-9ABA7067E675}.Release|Any CPU.Build.0 = Release|Any CPU
		{82851B42-9B39-49AD-A479-6163D332FD62}.Debug|Any CPU.ActiveCfg = Debug|Any CPU
		{82851B42-9B39-49AD-A479-6163D332FD62}.Debug|Any CPU.Build.0 = Debug|Any CPU
		{82851B42-9B39-49AD-A479-6163D332FD62}.Release|Any CPU.ActiveCfg = Release|Any CPU
		{82851B42-9B39-49AD-A479-6163D332FD62}.Release|Any CPU.Build.0 = Release|Any CPU
		{43BE7ABA-34AB-4818-997C-4C5A8889CD1D}.Debug|Any CPU.ActiveCfg = Debug|Any CPU
		{43BE7ABA-34AB-4818-997C-4C5A8889CD1D}.Debug|Any CPU.Build.0 = Debug|Any CPU
		{43BE7ABA-34AB-4818-997C-4C5A8889CD1D}.Release|Any CPU.ActiveCfg = Release|Any CPU
		{43BE7ABA-34AB-4818-997C-4C5A8889CD1D}.Release|Any CPU.Build.0 = Release|Any CPU
	EndGlobalSection
	GlobalSection(SolutionProperties) = preSolution
		HideSolutionNode = FALSE
	EndGlobalSection
	GlobalSection(ExtensibilityGlobals) = postSolution
		SolutionGuid = {1EC153AD-B7CE-4ABD-8AEC-250C31ADFACF}
	EndGlobalSection
EndGlobal
